
Microsoft Visual Studio Solution File, Format Version 12.00
# Visual Studio 15
VisualStudioVersion = 15.0.27428.2037
MinimumVisualStudioVersion = 10.0.40219.1
Project("{2150E333-8FDC-42A3-9474-1A3956D46DE8}") = ".nuget", ".nuget", "{54456D6A-9F7B-42F2-85D2-9252C7B91AD6}"
	ProjectSection(SolutionItems) = preProject
		.nuget\NuGet.Config = .nuget\NuGet.Config
		.nuget\NuGet.exe = .nuget\NuGet.exe
		.nuget\NuGet.targets = .nuget\NuGet.targets
	EndProjectSection
EndProject
Project("{FAE04EC0-301F-11D3-BF4B-00C04F79EFBC}") = "Outracks.Fuse.Common", "Source\Fuse\Common\Outracks.Fuse.Common.csproj", "{AA6DFB99-345F-4214-9A79-076829C0F777}"
EndProject
Project("{2150E333-8FDC-42A3-9474-1A3956D46DE8}") = "3rdparty", "3rdparty", "{900998B5-295F-4CFB-95EA-795FB3F5B934}"
EndProject
Project("{FAE04EC0-301F-11D3-BF4B-00C04F79EFBC}") = "ICSharpCode.NRefactory", "3rdparty\NRefactory\ICSharpCode.NRefactory\ICSharpCode.NRefactory.csproj", "{3B2A5653-EC97-4001-BB9B-D90F1AF2C371}"
EndProject
Project("{FAE04EC0-301F-11D3-BF4B-00C04F79EFBC}") = "Outracks.Common.Core", "Source\Common\Core\Outracks.Common.Core.csproj", "{196B010D-AD36-4947-95AA-14FC4A27BD18}"
EndProject
Project("{FAE04EC0-301F-11D3-BF4B-00C04F79EFBC}") = "Outracks.Fusion.Core", "Source\Fusion\Core\Outracks.Fusion.Core.csproj", "{8DFB02E0-ACBF-4432-8DD9-56712E206968}"
EndProject
Project("{FAE04EC0-301F-11D3-BF4B-00C04F79EFBC}") = "Outracks.CodeCompletion", "Source\CodeCompletion\Outracks.CodeCompletion\Outracks.CodeCompletion.csproj", "{3AAB1DB2-FCB7-495D-ADDF-11131DCF821A}"
EndProject
Project("{FAE04EC0-301F-11D3-BF4B-00C04F79EFBC}") = "Outracks.CodeCompletion.NRefactoryInterop", "Source\CodeCompletion\Outracks.CodeCompletion.NRefactoryInterop\Outracks.CodeCompletion.NRefactoryInterop.csproj", "{5A43F127-3217-4BEA-93F0-13903B240B5A}"
EndProject
Project("{FAE04EC0-301F-11D3-BF4B-00C04F79EFBC}") = "Outracks.Fuse.Tests", "Source\Fuse\Tests\Outracks.Fuse.Tests.csproj", "{3921C434-B199-4A60-ADD2-192EB2AC4D76}"
EndProject
Project("{FAE04EC0-301F-11D3-BF4B-00C04F79EFBC}") = "ICSharpCode.NRefactory.Xml", "3rdparty\NRefactory\ICSharpCode.NRefactory.Xml\ICSharpCode.NRefactory.Xml.csproj", "{DC393B66-92ED-4CAD-AB25-CFEF23F3D7C6}"
EndProject
Project("{FAE04EC0-301F-11D3-BF4B-00C04F79EFBC}") = "Outracks.Common.Tests", "Source\Common\Tests\Outracks.Common.Tests.csproj", "{1A7CF40D-C7A7-4C85-A092-73142BB90B93}"
EndProject
Project("{FAE04EC0-301F-11D3-BF4B-00C04F79EFBC}") = "Outracks.Common.TestProcess", "Source\Common\TestProcess\Outracks.Common.TestProcess.csproj", "{83411CE7-B65F-4EEE-9E9C-0A94A5007FC8}"
EndProject
Project("{FAE04EC0-301F-11D3-BF4B-00C04F79EFBC}") = "Outracks.CodeCompletion.CodeNinja", "Source\CodeCompletion\Outracks.CodeCompletion.CodeNinja\Outracks.CodeCompletion.CodeNinja.csproj", "{5C6C19F4-C5C4-4F8B-BAE4-A92E6C0D62BB}"
EndProject
Project("{FAE04EC0-301F-11D3-BF4B-00C04F79EFBC}") = "Outracks.CodeCompletion.CodeNinja.Tests", "Source\CodeCompletion\Outracks.CodeCompletion.CodeNinja.Tests\Outracks.CodeCompletion.CodeNinja.Tests.csproj", "{2615DA34-B3AC-4ADC-A005-E947851E201F}"
EndProject
Project("{FAE04EC0-301F-11D3-BF4B-00C04F79EFBC}") = "Outracks.CodeCompletion.UXNinja", "Source\CodeCompletion\Outracks.CodeCompletion.UXNinja\Outracks.CodeCompletion.UXNinja.csproj", "{3C19F9AA-9C81-426F-A0EA-B046AAE755EE}"
EndProject
Project("{FAE04EC0-301F-11D3-BF4B-00C04F79EFBC}") = "Outracks.CodeCompletion.UXNinja.Tests", "Source\CodeCompletion\Outracks.CodeCompletion.UXNinja.Tests\Outracks.CodeCompletion.UXNinja.Tests.csproj", "{A6525BC0-989C-407F-8B9B-51246D9E50B4}"
EndProject
Project("{FAE04EC0-301F-11D3-BF4B-00C04F79EFBC}") = "Outracks.Fuse.Command", "Source\Fuse\Command\Outracks.Fuse.Command.csproj", "{8B6673C5-58B8-4E5A-8369-2E21507F4131}"
EndProject

Project("{FAE04EC0-301F-11D3-BF4B-00C04F79EFBC}") = "Outracks.UnoHost.Common", "Source\UnoHost\Common\Outracks.UnoHost.Common.csproj", "{F2AEB321-51E5-40B8-9CF0-53C930E631F0}"
EndProject
Project("{FAE04EC0-301F-11D3-BF4B-00C04F79EFBC}") = "Outracks.Common.Text", "Source\Common\Text\Outracks.Common.Text.csproj", "{D52BEC1D-D0B3-4C44-956F-9747233CD6CA}"
EndProject
Project("{FAE04EC0-301F-11D3-BF4B-00C04F79EFBC}") = "Outracks.Common.Math", "Source\Common\Math\Outracks.Common.Math.csproj", "{3C1C1047-8830-498E-882A-503C0956CBE3}"
EndProject
Project("{FAE04EC0-301F-11D3-BF4B-00C04F79EFBC}") = "Outracks.Fuse.Notifier", "Source\Fuse\Notifier\Outracks.Fuse.Notifier.csproj", "{A7F96918-8029-4EF4-A4EA-686A4B59FD61}"
EndProject
Project("{FAE04EC0-301F-11D3-BF4B-00C04F79EFBC}") = "Outracks.Fuse.Daemon", "Source\Fuse\Daemon\Outracks.Fuse.Daemon.csproj", "{47D48240-F996-4E64-B70D-6AB2290DA8D4}"
EndProject
Project("{FAE04EC0-301F-11D3-BF4B-00C04F79EFBC}") = "Outracks.Simulator.Common", "Source\Simulator\Common\Outracks.Simulator.Common.csproj", "{3335BB78-0B8A-4D2F-919F-2E6F08883D51}"
EndProject
Project("{FAE04EC0-301F-11D3-BF4B-00C04F79EFBC}") = "Outracks.Fuse.CodeAssistanceService", "Source\Outracks.Fuse.CodeAssistanceService\Outracks.Fuse.CodeAssistanceService.csproj", "{338B4586-B3CC-4584-A026-E795B40D983A}"
EndProject
Project("{FAE04EC0-301F-11D3-BF4B-00C04F79EFBC}") = "Outracks.CodeCompletion.UXNinja.PerformanceTests", "Source\CodeCompletion\Outracks.CodeCompletion.UXNinja.PerformanceTests\Outracks.CodeCompletion.UXNinja.PerformanceTests.csproj", "{E40C711E-19CE-4885-A4F4-0D477E0F6852}"
EndProject
Project("{FAE04EC0-301F-11D3-BF4B-00C04F79EFBC}") = "Outracks.CodeCompletion.UXNinja.TestsCommon", "Source\CodeCompletion\Outracks.CodeCompletion.UXNinja.TestsCommon\Outracks.CodeCompletion.UXNinja.TestsCommon.csproj", "{544ABBD9-1326-4184-B026-54EB4C9FAD33}"
EndProject
Project("{FAE04EC0-301F-11D3-BF4B-00C04F79EFBC}") = "Outracks.Simulator.Main", "Source\Simulator\Main\Outracks.Simulator.Main.csproj", "{E8884270-5F2C-4076-86D0-456B831BE3E5}"
EndProject
Project("{FAE04EC0-301F-11D3-BF4B-00C04F79EFBC}") = "Outracks.CodeCompletion.UXNinja.PerformanceTests.Core", "Source\CodeCompletion\Outracks.CodeCompletion.UXNinja.PerformanceTests.Core\Outracks.CodeCompletion.UXNinja.PerformanceTests.Core.csproj", "{99FF164F-A691-4952-8EC8-577EB8C49F41}"
EndProject
Project("{FAE04EC0-301F-11D3-BF4B-00C04F79EFBC}") = "Outracks.CodeCompletion.UXNinja.PerformanceTests.Client", "Source\CodeCompletion\Outracks.CodeCompletion.UXNinja.PerformanceTests.Client\Outracks.CodeCompletion.UXNinja.PerformanceTests.Client.csproj", "{BEB02E7E-2436-4D51-8688-27FEB4A72DBC}"
EndProject
Project("{FAE04EC0-301F-11D3-BF4B-00C04F79EFBC}") = "Outracks.TriggerFuseQuit", "Source\Outracks.TriggerFuseQuit\Outracks.TriggerFuseQuit.csproj", "{A423E588-7DED-4BC8-B12B-EC0B22FEBBAA}"
EndProject
Project("{FAE04EC0-301F-11D3-BF4B-00C04F79EFBC}") = "Fuse.Preview.Core", "Source\Preview\Core\Fuse.Preview.Core.csproj", "{41764897-B354-499D-A31A-6A1D3BB9E158}"
EndProject
Project("{FAE04EC0-301F-11D3-BF4B-00C04F79EFBC}") = "Fuse.Preview.Service", "Source\Preview\Service\Fuse.Preview.Service.csproj", "{59E1073A-9B45-41F3-AB94-958A9D18FB72}"
EndProject
Project("{FAE04EC0-301F-11D3-BF4B-00C04F79EFBC}") = "Outracks.Fusion.Mac", "Source\Fusion\Mac\Outracks.Fusion.Mac.csproj", "{4B9EC6E2-AA97-48DE-9891-2C1D24A4D383}"
EndProject
Project("{FAE04EC0-301F-11D3-BF4B-00C04F79EFBC}") = "Outracks.Fusion.BuildTasks", "Source\Fusion\BuildTasks\Outracks.Fusion.BuildTasks.csproj", "{6D982EC5-40A4-4F93-A7A1-51F23D62BDF4}"
EndProject
Project("{FAE04EC0-301F-11D3-BF4B-00C04F79EFBC}") = "Outracks.Fuse.Startup-OSX", "Source\Outracks.Fuse.Startup-OSX\Outracks.Fuse.Startup-OSX.csproj", "{D8A5FE86-72BC-4106-A1ED-20C483A95197}"
EndProject
Project("{FAE04EC0-301F-11D3-BF4B-00C04F79EFBC}") = "Outracks.Fusion.Tests", "Source\Fusion\Tests\Outracks.Fusion.Tests.csproj", "{80455EED-7647-4BBF-9779-62413D846ACA}"
EndProject

Project("{FAE04EC0-301F-11D3-BF4B-00C04F79EFBC}") = "Outracks.UnoHost.Mac", "Source\UnoHost\Mac\Outracks.UnoHost.Mac.csproj", "{486BE0C3-2ED8-4AB4-9488-C004C247C719}"
EndProject
Project("{FAE04EC0-301F-11D3-BF4B-00C04F79EFBC}") = "Outracks.Fuse.Studio", "Source\Fuse\Studio\Outracks.Fuse.Studio.csproj", "{490EF7E5-46FF-4DF3-8342-530429CA65B5}"
EndProject
Project("{FAE04EC0-301F-11D3-BF4B-00C04F79EFBC}") = "Outracks.Simulator.Tests", "Source\Simulator\Tests\Outracks.Simulator.Tests.csproj", "{D1011D5C-56A1-4947-80FD-BF6FE8E955EB}"
EndProject
Project("{2150E333-8FDC-42A3-9474-1A3956D46DE8}") = "CodeCompletion", "CodeCompletion", "{1124DA18-9DB9-4799-8482-3517C58570C7}"
EndProject
Project("{2150E333-8FDC-42A3-9474-1A3956D46DE8}") = "Common", "Common", "{7F25EEC3-A139-4939-8E52-A9EE2CE92BE3}"
EndProject
Project("{2150E333-8FDC-42A3-9474-1A3956D46DE8}") = "Fuse", "Fuse", "{6452917D-20D9-4446-B2AA-3AE3061484B6}"
EndProject
Project("{2150E333-8FDC-42A3-9474-1A3956D46DE8}") = "Fusion", "Fusion", "{8BFA556B-6D8D-43EF-BDEE-194F5077F56E}"
EndProject
Project("{2150E333-8FDC-42A3-9474-1A3956D46DE8}") = "UnoHost", "UnoHost", "{D32389C5-3FF0-4BE4-8FFD-1A54C75672BE}"
EndProject
Project("{2150E333-8FDC-42A3-9474-1A3956D46DE8}") = "Simulator", "Simulator", "{BAB169B9-DE0C-4E29-8945-4978D964E408}"
EndProject
Project("{2150E333-8FDC-42A3-9474-1A3956D46DE8}") = "Install", "Install", "{2275C7C4-4F56-410E-9562-2AE74574A155}"
EndProject
Project("{2150E333-8FDC-42A3-9474-1A3956D46DE8}") = "Preview", "Preview", "{B8BE4F01-6C9C-4A75-9910-2077CF107531}"
EndProject
Project("{FAE04EC0-301F-11D3-BF4B-00C04F79EFBC}") = "Outracks.UnoHost.Tests", "Source\UnoHost\Tests\Outracks.UnoHost.Tests.csproj", "{F506CC63-838F-4907-A573-BADD1C2D9CA1}"
EndProject
Project("{FAE04EC0-301F-11D3-BF4B-00C04F79EFBC}") = "Outracks.AndroidManager", "Source\AndroidManager\Outracks.AndroidManager.csproj", "{FF79ACDA-B709-40E3-8F67-B251094E52D7}"
EndProject
Project("{FAE04EC0-301F-11D3-BF4B-00C04F79EFBC}") = "Outracks.Fuse.Sandbox", "Source\Fuse\Sandbox\Outracks.Fuse.Sandbox.csproj", "{B165DE3E-71DC-4C2F-915D-66FCE2D7B4D5}"
EndProject
Project("{FAE04EC0-301F-11D3-BF4B-00C04F79EFBC}") = "Outracks.Fusion.IntegrationTests", "Source\Fusion\IntegrationTests\Outracks.Fusion.IntegrationTests.csproj", "{580BA299-ADAD-43C1-86A7-63E60F345F28}"
EndProject
Project("{FAE04EC0-301F-11D3-BF4B-00C04F79EFBC}") = "Outracks.Fuse.SystemTest", "Source\Fuse\SystemTest\Outracks.Fuse.SystemTest.csproj", "{B8F7AF2D-4009-4DFA-92C4-5F7E2491826E}"
EndProject
Project("{FAE04EC0-301F-11D3-BF4B-00C04F79EFBC}") = "Fuse.Preview.Tests", "Source\Preview\Tests\Fuse.Preview.Tests.csproj", "{03CC1EEC-6596-40D6-B219-00168563ADD5}"
EndProject
Project("{FAE04EC0-301F-11D3-BF4B-00C04F79EFBC}") = "SketchConverter", "Source\Sketch2Fuse\SketchConverter\SketchConverter.csproj", "{B086E390-CE62-4C90-9214-9E828DE7AF33}"
EndProject
Global
	GlobalSection(SolutionConfigurationPlatforms) = preSolution
		Debug|Any CPU = Debug|Any CPU
		Release|Any CPU = Release|Any CPU
	EndGlobalSection
	GlobalSection(ProjectConfigurationPlatforms) = postSolution
		{AA6DFB99-345F-4214-9A79-076829C0F777}.Debug|Any CPU.ActiveCfg = Debug|Any CPU
		{AA6DFB99-345F-4214-9A79-076829C0F777}.Debug|Any CPU.Build.0 = Debug|Any CPU
		{AA6DFB99-345F-4214-9A79-076829C0F777}.Release|Any CPU.ActiveCfg = Release|Any CPU
		{AA6DFB99-345F-4214-9A79-076829C0F777}.Release|Any CPU.Build.0 = Release|Any CPU
		{3B2A5653-EC97-4001-BB9B-D90F1AF2C371}.Debug|Any CPU.ActiveCfg = Debug|Any CPU
		{3B2A5653-EC97-4001-BB9B-D90F1AF2C371}.Debug|Any CPU.Build.0 = Debug|Any CPU
		{3B2A5653-EC97-4001-BB9B-D90F1AF2C371}.Release|Any CPU.ActiveCfg = Release|Any CPU
		{3B2A5653-EC97-4001-BB9B-D90F1AF2C371}.Release|Any CPU.Build.0 = Release|Any CPU
		{196B010D-AD36-4947-95AA-14FC4A27BD18}.Debug|Any CPU.ActiveCfg = Debug|Any CPU
		{196B010D-AD36-4947-95AA-14FC4A27BD18}.Debug|Any CPU.Build.0 = Debug|Any CPU
		{196B010D-AD36-4947-95AA-14FC4A27BD18}.Release|Any CPU.ActiveCfg = Release|Any CPU
		{196B010D-AD36-4947-95AA-14FC4A27BD18}.Release|Any CPU.Build.0 = Release|Any CPU
		{8DFB02E0-ACBF-4432-8DD9-56712E206968}.Debug|Any CPU.ActiveCfg = Debug|Any CPU
		{8DFB02E0-ACBF-4432-8DD9-56712E206968}.Debug|Any CPU.Build.0 = Debug|Any CPU
		{8DFB02E0-ACBF-4432-8DD9-56712E206968}.Release|Any CPU.ActiveCfg = Release|Any CPU
		{8DFB02E0-ACBF-4432-8DD9-56712E206968}.Release|Any CPU.Build.0 = Release|Any CPU
		{3AAB1DB2-FCB7-495D-ADDF-11131DCF821A}.Debug|Any CPU.ActiveCfg = Debug|Any CPU
		{3AAB1DB2-FCB7-495D-ADDF-11131DCF821A}.Debug|Any CPU.Build.0 = Debug|Any CPU
		{3AAB1DB2-FCB7-495D-ADDF-11131DCF821A}.Release|Any CPU.ActiveCfg = Release|Any CPU
		{3AAB1DB2-FCB7-495D-ADDF-11131DCF821A}.Release|Any CPU.Build.0 = Release|Any CPU
		{5A43F127-3217-4BEA-93F0-13903B240B5A}.Debug|Any CPU.ActiveCfg = Debug|Any CPU
		{5A43F127-3217-4BEA-93F0-13903B240B5A}.Debug|Any CPU.Build.0 = Debug|Any CPU
		{5A43F127-3217-4BEA-93F0-13903B240B5A}.Release|Any CPU.ActiveCfg = Release|Any CPU
		{5A43F127-3217-4BEA-93F0-13903B240B5A}.Release|Any CPU.Build.0 = Release|Any CPU
		{3921C434-B199-4A60-ADD2-192EB2AC4D76}.Debug|Any CPU.ActiveCfg = Debug|Any CPU
		{3921C434-B199-4A60-ADD2-192EB2AC4D76}.Debug|Any CPU.Build.0 = Debug|Any CPU
		{3921C434-B199-4A60-ADD2-192EB2AC4D76}.Release|Any CPU.ActiveCfg = Release|Any CPU
		{3921C434-B199-4A60-ADD2-192EB2AC4D76}.Release|Any CPU.Build.0 = Release|Any CPU
		{DC393B66-92ED-4CAD-AB25-CFEF23F3D7C6}.Debug|Any CPU.ActiveCfg = Debug|Any CPU
		{DC393B66-92ED-4CAD-AB25-CFEF23F3D7C6}.Debug|Any CPU.Build.0 = Debug|Any CPU
		{DC393B66-92ED-4CAD-AB25-CFEF23F3D7C6}.Release|Any CPU.ActiveCfg = Release|Any CPU
		{DC393B66-92ED-4CAD-AB25-CFEF23F3D7C6}.Release|Any CPU.Build.0 = Release|Any CPU
		{1A7CF40D-C7A7-4C85-A092-73142BB90B93}.Debug|Any CPU.ActiveCfg = Debug|Any CPU
		{1A7CF40D-C7A7-4C85-A092-73142BB90B93}.Debug|Any CPU.Build.0 = Debug|Any CPU
		{1A7CF40D-C7A7-4C85-A092-73142BB90B93}.Release|Any CPU.ActiveCfg = Release|Any CPU
		{1A7CF40D-C7A7-4C85-A092-73142BB90B93}.Release|Any CPU.Build.0 = Release|Any CPU
		{83411CE7-B65F-4EEE-9E9C-0A94A5007FC8}.Debug|Any CPU.ActiveCfg = Debug|Any CPU
		{83411CE7-B65F-4EEE-9E9C-0A94A5007FC8}.Debug|Any CPU.Build.0 = Debug|Any CPU
		{83411CE7-B65F-4EEE-9E9C-0A94A5007FC8}.Release|Any CPU.ActiveCfg = Release|Any CPU
		{83411CE7-B65F-4EEE-9E9C-0A94A5007FC8}.Release|Any CPU.Build.0 = Release|Any CPU
		{5C6C19F4-C5C4-4F8B-BAE4-A92E6C0D62BB}.Debug|Any CPU.ActiveCfg = Debug|Any CPU
		{5C6C19F4-C5C4-4F8B-BAE4-A92E6C0D62BB}.Debug|Any CPU.Build.0 = Debug|Any CPU
		{5C6C19F4-C5C4-4F8B-BAE4-A92E6C0D62BB}.Release|Any CPU.ActiveCfg = Release|Any CPU
		{5C6C19F4-C5C4-4F8B-BAE4-A92E6C0D62BB}.Release|Any CPU.Build.0 = Release|Any CPU
		{2615DA34-B3AC-4ADC-A005-E947851E201F}.Debug|Any CPU.ActiveCfg = Debug|Any CPU
		{2615DA34-B3AC-4ADC-A005-E947851E201F}.Debug|Any CPU.Build.0 = Debug|Any CPU
		{2615DA34-B3AC-4ADC-A005-E947851E201F}.Release|Any CPU.ActiveCfg = Release|Any CPU
		{2615DA34-B3AC-4ADC-A005-E947851E201F}.Release|Any CPU.Build.0 = Release|Any CPU
		{3C19F9AA-9C81-426F-A0EA-B046AAE755EE}.Debug|Any CPU.ActiveCfg = Debug|Any CPU
		{3C19F9AA-9C81-426F-A0EA-B046AAE755EE}.Debug|Any CPU.Build.0 = Debug|Any CPU
		{3C19F9AA-9C81-426F-A0EA-B046AAE755EE}.Release|Any CPU.ActiveCfg = Release|Any CPU
		{3C19F9AA-9C81-426F-A0EA-B046AAE755EE}.Release|Any CPU.Build.0 = Release|Any CPU
		{A6525BC0-989C-407F-8B9B-51246D9E50B4}.Debug|Any CPU.ActiveCfg = Debug|Any CPU
		{A6525BC0-989C-407F-8B9B-51246D9E50B4}.Debug|Any CPU.Build.0 = Debug|Any CPU
		{A6525BC0-989C-407F-8B9B-51246D9E50B4}.Release|Any CPU.ActiveCfg = Release|Any CPU
		{A6525BC0-989C-407F-8B9B-51246D9E50B4}.Release|Any CPU.Build.0 = Release|Any CPU
		{8B6673C5-58B8-4E5A-8369-2E21507F4131}.Debug|Any CPU.ActiveCfg = Debug|Any CPU
		{8B6673C5-58B8-4E5A-8369-2E21507F4131}.Debug|Any CPU.Build.0 = Debug|Any CPU
		{8B6673C5-58B8-4E5A-8369-2E21507F4131}.Release|Any CPU.ActiveCfg = Release|Any CPU
		{8B6673C5-58B8-4E5A-8369-2E21507F4131}.Release|Any CPU.Build.0 = Release|Any CPU
		
		{F2AEB321-51E5-40B8-9CF0-53C930E631F0}.Debug|Any CPU.ActiveCfg = Debug|Any CPU
		{F2AEB321-51E5-40B8-9CF0-53C930E631F0}.Debug|Any CPU.Build.0 = Debug|Any CPU
		{F2AEB321-51E5-40B8-9CF0-53C930E631F0}.Release|Any CPU.ActiveCfg = Release|Any CPU
		{F2AEB321-51E5-40B8-9CF0-53C930E631F0}.Release|Any CPU.Build.0 = Release|Any CPU
		{D52BEC1D-D0B3-4C44-956F-9747233CD6CA}.Debug|Any CPU.ActiveCfg = Debug|Any CPU
		{D52BEC1D-D0B3-4C44-956F-9747233CD6CA}.Debug|Any CPU.Build.0 = Debug|Any CPU
		{D52BEC1D-D0B3-4C44-956F-9747233CD6CA}.Release|Any CPU.ActiveCfg = Release|Any CPU
		{D52BEC1D-D0B3-4C44-956F-9747233CD6CA}.Release|Any CPU.Build.0 = Release|Any CPU
		{3C1C1047-8830-498E-882A-503C0956CBE3}.Debug|Any CPU.ActiveCfg = Debug|Any CPU
		{3C1C1047-8830-498E-882A-503C0956CBE3}.Debug|Any CPU.Build.0 = Debug|Any CPU
		{3C1C1047-8830-498E-882A-503C0956CBE3}.Release|Any CPU.ActiveCfg = Release|Any CPU
		{3C1C1047-8830-498E-882A-503C0956CBE3}.Release|Any CPU.Build.0 = Release|Any CPU
		{A7F96918-8029-4EF4-A4EA-686A4B59FD61}.Debug|Any CPU.ActiveCfg = Debug|Any CPU
		{A7F96918-8029-4EF4-A4EA-686A4B59FD61}.Debug|Any CPU.Build.0 = Debug|Any CPU
		{A7F96918-8029-4EF4-A4EA-686A4B59FD61}.Release|Any CPU.ActiveCfg = Release|Any CPU
		{A7F96918-8029-4EF4-A4EA-686A4B59FD61}.Release|Any CPU.Build.0 = Release|Any CPU
		{47D48240-F996-4E64-B70D-6AB2290DA8D4}.Debug|Any CPU.ActiveCfg = Debug|Any CPU
		{47D48240-F996-4E64-B70D-6AB2290DA8D4}.Debug|Any CPU.Build.0 = Debug|Any CPU
		{47D48240-F996-4E64-B70D-6AB2290DA8D4}.Release|Any CPU.ActiveCfg = Release|Any CPU
		{47D48240-F996-4E64-B70D-6AB2290DA8D4}.Release|Any CPU.Build.0 = Release|Any CPU
		{3335BB78-0B8A-4D2F-919F-2E6F08883D51}.Debug|Any CPU.ActiveCfg = Debug|Any CPU
		{3335BB78-0B8A-4D2F-919F-2E6F08883D51}.Debug|Any CPU.Build.0 = Debug|Any CPU
		{3335BB78-0B8A-4D2F-919F-2E6F08883D51}.Release|Any CPU.ActiveCfg = Release|Any CPU
		{3335BB78-0B8A-4D2F-919F-2E6F08883D51}.Release|Any CPU.Build.0 = Release|Any CPU
		{338B4586-B3CC-4584-A026-E795B40D983A}.Debug|Any CPU.ActiveCfg = Debug|Any CPU
		{338B4586-B3CC-4584-A026-E795B40D983A}.Debug|Any CPU.Build.0 = Debug|Any CPU
		{338B4586-B3CC-4584-A026-E795B40D983A}.Release|Any CPU.ActiveCfg = Release|Any CPU
		{338B4586-B3CC-4584-A026-E795B40D983A}.Release|Any CPU.Build.0 = Release|Any CPU
		{E40C711E-19CE-4885-A4F4-0D477E0F6852}.Debug|Any CPU.ActiveCfg = Debug|Any CPU
		{E40C711E-19CE-4885-A4F4-0D477E0F6852}.Debug|Any CPU.Build.0 = Debug|Any CPU
		{E40C711E-19CE-4885-A4F4-0D477E0F6852}.Release|Any CPU.ActiveCfg = Release|Any CPU
		{E40C711E-19CE-4885-A4F4-0D477E0F6852}.Release|Any CPU.Build.0 = Release|Any CPU
		{544ABBD9-1326-4184-B026-54EB4C9FAD33}.Debug|Any CPU.ActiveCfg = Debug|Any CPU
		{544ABBD9-1326-4184-B026-54EB4C9FAD33}.Debug|Any CPU.Build.0 = Debug|Any CPU
		{544ABBD9-1326-4184-B026-54EB4C9FAD33}.Release|Any CPU.ActiveCfg = Release|Any CPU
		{544ABBD9-1326-4184-B026-54EB4C9FAD33}.Release|Any CPU.Build.0 = Release|Any CPU
		{E8884270-5F2C-4076-86D0-456B831BE3E5}.Debug|Any CPU.ActiveCfg = Debug|Any CPU
		{E8884270-5F2C-4076-86D0-456B831BE3E5}.Debug|Any CPU.Build.0 = Debug|Any CPU
		{E8884270-5F2C-4076-86D0-456B831BE3E5}.Release|Any CPU.ActiveCfg = Release|Any CPU
		{E8884270-5F2C-4076-86D0-456B831BE3E5}.Release|Any CPU.Build.0 = Release|Any CPU
		{99FF164F-A691-4952-8EC8-577EB8C49F41}.Debug|Any CPU.ActiveCfg = Debug|Any CPU
		{99FF164F-A691-4952-8EC8-577EB8C49F41}.Debug|Any CPU.Build.0 = Debug|Any CPU
		{99FF164F-A691-4952-8EC8-577EB8C49F41}.Release|Any CPU.ActiveCfg = Release|Any CPU
		{99FF164F-A691-4952-8EC8-577EB8C49F41}.Release|Any CPU.Build.0 = Release|Any CPU
		{BEB02E7E-2436-4D51-8688-27FEB4A72DBC}.Debug|Any CPU.ActiveCfg = Debug|Any CPU
		{BEB02E7E-2436-4D51-8688-27FEB4A72DBC}.Debug|Any CPU.Build.0 = Debug|Any CPU
		{BEB02E7E-2436-4D51-8688-27FEB4A72DBC}.Release|Any CPU.ActiveCfg = Release|Any CPU
		{BEB02E7E-2436-4D51-8688-27FEB4A72DBC}.Release|Any CPU.Build.0 = Release|Any CPU
		{A423E588-7DED-4BC8-B12B-EC0B22FEBBAA}.Debug|Any CPU.ActiveCfg = Debug|Any CPU
		{A423E588-7DED-4BC8-B12B-EC0B22FEBBAA}.Debug|Any CPU.Build.0 = Debug|Any CPU
		{A423E588-7DED-4BC8-B12B-EC0B22FEBBAA}.Release|Any CPU.ActiveCfg = Release|Any CPU
		{A423E588-7DED-4BC8-B12B-EC0B22FEBBAA}.Release|Any CPU.Build.0 = Release|Any CPU
		{41764897-B354-499D-A31A-6A1D3BB9E158}.Debug|Any CPU.ActiveCfg = Debug|Any CPU
		{41764897-B354-499D-A31A-6A1D3BB9E158}.Debug|Any CPU.Build.0 = Debug|Any CPU
		{41764897-B354-499D-A31A-6A1D3BB9E158}.Release|Any CPU.ActiveCfg = Release|Any CPU
		{41764897-B354-499D-A31A-6A1D3BB9E158}.Release|Any CPU.Build.0 = Release|Any CPU
		{59E1073A-9B45-41F3-AB94-958A9D18FB72}.Debug|Any CPU.ActiveCfg = Debug|Any CPU
		{59E1073A-9B45-41F3-AB94-958A9D18FB72}.Debug|Any CPU.Build.0 = Debug|Any CPU
		{59E1073A-9B45-41F3-AB94-958A9D18FB72}.Release|Any CPU.ActiveCfg = Release|Any CPU
		{59E1073A-9B45-41F3-AB94-958A9D18FB72}.Release|Any CPU.Build.0 = Release|Any CPU
		
		{4B9EC6E2-AA97-48DE-9891-2C1D24A4D383}.Debug|Any CPU.ActiveCfg = Debug|Any CPU
		{4B9EC6E2-AA97-48DE-9891-2C1D24A4D383}.Debug|Any CPU.Build.0 = Debug|Any CPU
		{4B9EC6E2-AA97-48DE-9891-2C1D24A4D383}.Release|Any CPU.ActiveCfg = Release|Any CPU
		{4B9EC6E2-AA97-48DE-9891-2C1D24A4D383}.Release|Any CPU.Build.0 = Release|Any CPU
		{6D982EC5-40A4-4F93-A7A1-51F23D62BDF4}.Debug|Any CPU.ActiveCfg = Debug|Any CPU
		{6D982EC5-40A4-4F93-A7A1-51F23D62BDF4}.Debug|Any CPU.Build.0 = Debug|Any CPU
		{6D982EC5-40A4-4F93-A7A1-51F23D62BDF4}.Release|Any CPU.ActiveCfg = Release|Any CPU
		{6D982EC5-40A4-4F93-A7A1-51F23D62BDF4}.Release|Any CPU.Build.0 = Release|Any CPU
		{D8A5FE86-72BC-4106-A1ED-20C483A95197}.Debug|Any CPU.ActiveCfg = Debug|Any CPU
		{D8A5FE86-72BC-4106-A1ED-20C483A95197}.Debug|Any CPU.Build.0 = Debug|Any CPU
		{D8A5FE86-72BC-4106-A1ED-20C483A95197}.Release|Any CPU.ActiveCfg = Release|Any CPU
		{D8A5FE86-72BC-4106-A1ED-20C483A95197}.Release|Any CPU.Build.0 = Release|Any CPU
		{80455EED-7647-4BBF-9779-62413D846ACA}.Debug|Any CPU.ActiveCfg = Debug|Any CPU
		{80455EED-7647-4BBF-9779-62413D846ACA}.Debug|Any CPU.Build.0 = Debug|Any CPU
		{80455EED-7647-4BBF-9779-62413D846ACA}.Release|Any CPU.ActiveCfg = Release|Any CPU
		{80455EED-7647-4BBF-9779-62413D846ACA}.Release|Any CPU.Build.0 = Release|Any CPU

		{486BE0C3-2ED8-4AB4-9488-C004C247C719}.Debug|Any CPU.ActiveCfg = Debug|Any CPU
		{486BE0C3-2ED8-4AB4-9488-C004C247C719}.Debug|Any CPU.Build.0 = Debug|Any CPU
		{486BE0C3-2ED8-4AB4-9488-C004C247C719}.Release|Any CPU.ActiveCfg = Release|Any CPU
		{486BE0C3-2ED8-4AB4-9488-C004C247C719}.Release|Any CPU.Build.0 = Release|Any CPU
		{490EF7E5-46FF-4DF3-8342-530429CA65B5}.Debug|Any CPU.ActiveCfg = Debug|Any CPU
		{490EF7E5-46FF-4DF3-8342-530429CA65B5}.Debug|Any CPU.Build.0 = Debug|Any CPU
		{490EF7E5-46FF-4DF3-8342-530429CA65B5}.Release|Any CPU.ActiveCfg = Release|Any CPU
		{490EF7E5-46FF-4DF3-8342-530429CA65B5}.Release|Any CPU.Build.0 = Release|Any CPU
		{D1011D5C-56A1-4947-80FD-BF6FE8E955EB}.Debug|Any CPU.ActiveCfg = Debug|Any CPU
		{D1011D5C-56A1-4947-80FD-BF6FE8E955EB}.Debug|Any CPU.Build.0 = Debug|Any CPU
		{D1011D5C-56A1-4947-80FD-BF6FE8E955EB}.Release|Any CPU.ActiveCfg = Release|Any CPU
		{D1011D5C-56A1-4947-80FD-BF6FE8E955EB}.Release|Any CPU.Build.0 = Release|Any CPU
		{F506CC63-838F-4907-A573-BADD1C2D9CA1}.Debug|Any CPU.ActiveCfg = Debug|Any CPU
		{F506CC63-838F-4907-A573-BADD1C2D9CA1}.Debug|Any CPU.Build.0 = Debug|Any CPU
		{F506CC63-838F-4907-A573-BADD1C2D9CA1}.Release|Any CPU.ActiveCfg = Release|Any CPU
		{F506CC63-838F-4907-A573-BADD1C2D9CA1}.Release|Any CPU.Build.0 = Release|Any CPU
		{FF79ACDA-B709-40E3-8F67-B251094E52D7}.Debug|Any CPU.ActiveCfg = Debug|Any CPU
		{FF79ACDA-B709-40E3-8F67-B251094E52D7}.Debug|Any CPU.Build.0 = Debug|Any CPU
		{FF79ACDA-B709-40E3-8F67-B251094E52D7}.Release|Any CPU.ActiveCfg = Release|Any CPU
		{FF79ACDA-B709-40E3-8F67-B251094E52D7}.Release|Any CPU.Build.0 = Release|Any CPU
		{B165DE3E-71DC-4C2F-915D-66FCE2D7B4D5}.Debug|Any CPU.ActiveCfg = Debug|Any CPU
		{B165DE3E-71DC-4C2F-915D-66FCE2D7B4D5}.Debug|Any CPU.Build.0 = Debug|Any CPU
		{B165DE3E-71DC-4C2F-915D-66FCE2D7B4D5}.Release|Any CPU.ActiveCfg = Release|Any CPU
		{B165DE3E-71DC-4C2F-915D-66FCE2D7B4D5}.Release|Any CPU.Build.0 = Release|Any CPU
		{580BA299-ADAD-43C1-86A7-63E60F345F28}.Debug|Any CPU.ActiveCfg = Debug|Any CPU
		{580BA299-ADAD-43C1-86A7-63E60F345F28}.Debug|Any CPU.Build.0 = Debug|Any CPU
		{580BA299-ADAD-43C1-86A7-63E60F345F28}.Release|Any CPU.ActiveCfg = Release|Any CPU
		{580BA299-ADAD-43C1-86A7-63E60F345F28}.Release|Any CPU.Build.0 = Release|Any CPU
		{B8F7AF2D-4009-4DFA-92C4-5F7E2491826E}.Debug|Any CPU.ActiveCfg = Debug|Any CPU
		{B8F7AF2D-4009-4DFA-92C4-5F7E2491826E}.Debug|Any CPU.Build.0 = Debug|Any CPU
		{B8F7AF2D-4009-4DFA-92C4-5F7E2491826E}.Release|Any CPU.ActiveCfg = Release|Any CPU
		{B8F7AF2D-4009-4DFA-92C4-5F7E2491826E}.Release|Any CPU.Build.0 = Release|Any CPU
		{03CC1EEC-6596-40D6-B219-00168563ADD5}.Debug|Any CPU.ActiveCfg = Debug|Any CPU
		{03CC1EEC-6596-40D6-B219-00168563ADD5}.Debug|Any CPU.Build.0 = Debug|Any CPU
		{03CC1EEC-6596-40D6-B219-00168563ADD5}.Release|Any CPU.ActiveCfg = Release|Any CPU
		{03CC1EEC-6596-40D6-B219-00168563ADD5}.Release|Any CPU.Build.0 = Release|Any CPU
		{B086E390-CE62-4C90-9214-9E828DE7AF33}.Debug|Any CPU.ActiveCfg = Debug|Any CPU
		{B086E390-CE62-4C90-9214-9E828DE7AF33}.Debug|Any CPU.Build.0 = Debug|Any CPU
		{B086E390-CE62-4C90-9214-9E828DE7AF33}.Release|Any CPU.ActiveCfg = Release|Any CPU
		{B086E390-CE62-4C90-9214-9E828DE7AF33}.Release|Any CPU.Build.0 = Release|Any CPU
	EndGlobalSection
	GlobalSection(SolutionProperties) = preSolution
		HideSolutionNode = FALSE
	EndGlobalSection
	GlobalSection(NestedProjects) = preSolution
		{AA6DFB99-345F-4214-9A79-076829C0F777} = {6452917D-20D9-4446-B2AA-3AE3061484B6}
		{3B2A5653-EC97-4001-BB9B-D90F1AF2C371} = {900998B5-295F-4CFB-95EA-795FB3F5B934}
		{196B010D-AD36-4947-95AA-14FC4A27BD18} = {7F25EEC3-A139-4939-8E52-A9EE2CE92BE3}
		{8DFB02E0-ACBF-4432-8DD9-56712E206968} = {8BFA556B-6D8D-43EF-BDEE-194F5077F56E}
		{3AAB1DB2-FCB7-495D-ADDF-11131DCF821A} = {1124DA18-9DB9-4799-8482-3517C58570C7}
		{5A43F127-3217-4BEA-93F0-13903B240B5A} = {1124DA18-9DB9-4799-8482-3517C58570C7}
		{3921C434-B199-4A60-ADD2-192EB2AC4D76} = {6452917D-20D9-4446-B2AA-3AE3061484B6}
		{DC393B66-92ED-4CAD-AB25-CFEF23F3D7C6} = {900998B5-295F-4CFB-95EA-795FB3F5B934}
		{1A7CF40D-C7A7-4C85-A092-73142BB90B93} = {7F25EEC3-A139-4939-8E52-A9EE2CE92BE3}
		{83411CE7-B65F-4EEE-9E9C-0A94A5007FC8} = {7F25EEC3-A139-4939-8E52-A9EE2CE92BE3}
		{5C6C19F4-C5C4-4F8B-BAE4-A92E6C0D62BB} = {1124DA18-9DB9-4799-8482-3517C58570C7}
		{2615DA34-B3AC-4ADC-A005-E947851E201F} = {1124DA18-9DB9-4799-8482-3517C58570C7}
		{3C19F9AA-9C81-426F-A0EA-B046AAE755EE} = {1124DA18-9DB9-4799-8482-3517C58570C7}
		{A6525BC0-989C-407F-8B9B-51246D9E50B4} = {1124DA18-9DB9-4799-8482-3517C58570C7}
		{8B6673C5-58B8-4E5A-8369-2E21507F4131} = {6452917D-20D9-4446-B2AA-3AE3061484B6}
		
		{F2AEB321-51E5-40B8-9CF0-53C930E631F0} = {D32389C5-3FF0-4BE4-8FFD-1A54C75672BE}
		{D52BEC1D-D0B3-4C44-956F-9747233CD6CA} = {7F25EEC3-A139-4939-8E52-A9EE2CE92BE3}
		{3C1C1047-8830-498E-882A-503C0956CBE3} = {7F25EEC3-A139-4939-8E52-A9EE2CE92BE3}
		{A7F96918-8029-4EF4-A4EA-686A4B59FD61} = {6452917D-20D9-4446-B2AA-3AE3061484B6}
		{47D48240-F996-4E64-B70D-6AB2290DA8D4} = {6452917D-20D9-4446-B2AA-3AE3061484B6}
		{3335BB78-0B8A-4D2F-919F-2E6F08883D51} = {BAB169B9-DE0C-4E29-8945-4978D964E408}
		{E40C711E-19CE-4885-A4F4-0D477E0F6852} = {1124DA18-9DB9-4799-8482-3517C58570C7}
		{544ABBD9-1326-4184-B026-54EB4C9FAD33} = {1124DA18-9DB9-4799-8482-3517C58570C7}
		{E8884270-5F2C-4076-86D0-456B831BE3E5} = {BAB169B9-DE0C-4E29-8945-4978D964E408}
		{99FF164F-A691-4952-8EC8-577EB8C49F41} = {1124DA18-9DB9-4799-8482-3517C58570C7}
		{BEB02E7E-2436-4D51-8688-27FEB4A72DBC} = {1124DA18-9DB9-4799-8482-3517C58570C7}
		{41764897-B354-499D-A31A-6A1D3BB9E158} = {B8BE4F01-6C9C-4A75-9910-2077CF107531}
		{59E1073A-9B45-41F3-AB94-958A9D18FB72} = {B8BE4F01-6C9C-4A75-9910-2077CF107531}
		{4B9EC6E2-AA97-48DE-9891-2C1D24A4D383} = {8BFA556B-6D8D-43EF-BDEE-194F5077F56E}
		
		
		{6D982EC5-40A4-4F93-A7A1-51F23D62BDF4} = {8BFA556B-6D8D-43EF-BDEE-194F5077F56E}
		{80455EED-7647-4BBF-9779-62413D846ACA} = {8BFA556B-6D8D-43EF-BDEE-194F5077F56E}
		
		{486BE0C3-2ED8-4AB4-9488-C004C247C719} = {D32389C5-3FF0-4BE4-8FFD-1A54C75672BE}
		{490EF7E5-46FF-4DF3-8342-530429CA65B5} = {6452917D-20D9-4446-B2AA-3AE3061484B6}
		{D1011D5C-56A1-4947-80FD-BF6FE8E955EB} = {BAB169B9-DE0C-4E29-8945-4978D964E408}
		{2275C7C4-4F56-410E-9562-2AE74574A155} = {6452917D-20D9-4446-B2AA-3AE3061484B6}
		{B8BE4F01-6C9C-4A75-9910-2077CF107531} = {6452917D-20D9-4446-B2AA-3AE3061484B6}
		{F506CC63-838F-4907-A573-BADD1C2D9CA1} = {D32389C5-3FF0-4BE4-8FFD-1A54C75672BE}
		{FF79ACDA-B709-40E3-8F67-B251094E52D7} = {2275C7C4-4F56-410E-9562-2AE74574A155}
		{B165DE3E-71DC-4C2F-915D-66FCE2D7B4D5} = {8BFA556B-6D8D-43EF-BDEE-194F5077F56E}
		{580BA299-ADAD-43C1-86A7-63E60F345F28} = {8BFA556B-6D8D-43EF-BDEE-194F5077F56E}
		{B8F7AF2D-4009-4DFA-92C4-5F7E2491826E} = {6452917D-20D9-4446-B2AA-3AE3061484B6}
		{03CC1EEC-6596-40D6-B219-00168563ADD5} = {B8BE4F01-6C9C-4A75-9910-2077CF107531}
	EndGlobalSection
	GlobalSection(MonoDevelopProperties) = preSolution
		StartupItem = Uno\UnoBrowse\Outracks.UnoBrowse-GTK\Outracks.UnoBrowse-GTK.csproj
	EndGlobalSection
EndGlobal
