
Microsoft Visual Studio Solution File, Format Version 12.00
# Visual Studio Version 16
VisualStudioVersion = 16.0.30002.166
MinimumVisualStudioVersion = 10.0.40219.1
Project("{FAE04EC0-301F-11D3-BF4B-00C04F79EFBC}") = "Outracks.Core", "src\common\core\Outracks.Core.csproj", "{196B010D-AD36-4947-95AA-14FC4A27BD18}"
EndProject
Project("{FAE04EC0-301F-11D3-BF4B-00C04F79EFBC}") = "Outracks.CodeCompletion.NRefactoryInterop", "src\ninja\Outracks.CodeCompletion.NRefactoryInterop\Outracks.CodeCompletion.NRefactoryInterop.csproj", "{5A43F127-3217-4BEA-93F0-13903B240B5A}"
EndProject
Project("{FAE04EC0-301F-11D3-BF4B-00C04F79EFBC}") = "Outracks.Tests", "src\common\tests\Outracks.Tests.csproj", "{1A7CF40D-C7A7-4C85-A092-73142BB90B93}"
EndProject
Project("{FAE04EC0-301F-11D3-BF4B-00C04F79EFBC}") = "Outracks.TestProcess", "src\common\testproc\Outracks.TestProcess.csproj", "{83411CE7-B65F-4EEE-9E9C-0A94A5007FC8}"
EndProject
Project("{FAE04EC0-301F-11D3-BF4B-00C04F79EFBC}") = "Outracks.Text", "src\common\text\Outracks.Text.csproj", "{D52BEC1D-D0B3-4C44-956F-9747233CD6CA}"
EndProject
Project("{FAE04EC0-301F-11D3-BF4B-00C04F79EFBC}") = "Outracks.Math", "src\common\math\Outracks.Math.csproj", "{3C1C1047-8830-498E-882A-503C0956CBE3}"
EndProject
Project("{FAE04EC0-301F-11D3-BF4B-00C04F79EFBC}") = "Outracks.Simulator", "src\simulator\common\Outracks.Simulator.csproj", "{3335BB78-0B8A-4D2F-919F-2E6F08883D51}"
EndProject
Project("{FAE04EC0-301F-11D3-BF4B-00C04F79EFBC}") = "fuse-lang", "src\entrypoint\code-assistance\fuse-lang.csproj", "{338B4586-B3CC-4584-A026-E795B40D983A}"
EndProject
Project("{FAE04EC0-301F-11D3-BF4B-00C04F79EFBC}") = "Outracks.Simulator.Main", "src\simulator\main\Outracks.Simulator.Main.csproj", "{E8884270-5F2C-4076-86D0-456B831BE3E5}"
EndProject
Project("{FAE04EC0-301F-11D3-BF4B-00C04F79EFBC}") = "Fuse.Preview.Core", "src\preview\core\Fuse.Preview.Core.csproj", "{41764897-B354-499D-A31A-6A1D3BB9E158}"
EndProject
Project("{FAE04EC0-301F-11D3-BF4B-00C04F79EFBC}") = "fuse-preview", "src\preview\service\fuse-preview.csproj", "{59E1073A-9B45-41F3-AB94-958A9D18FB72}"
EndProject
Project("{FAE04EC0-301F-11D3-BF4B-00C04F79EFBC}") = "Outracks.Simulator.Tests", "src\simulator\tests\Outracks.Simulator.Tests.csproj", "{D1011D5C-56A1-4947-80FD-BF6FE8E955EB}"
EndProject
Project("{2150E333-8FDC-42A3-9474-1A3956D46DE8}") = "ninja", "ninja", "{1124DA18-9DB9-4799-8482-3517C58570C7}"
EndProject
Project("{2150E333-8FDC-42A3-9474-1A3956D46DE8}") = "common", "common", "{7F25EEC3-A139-4939-8E52-A9EE2CE92BE3}"
EndProject
Project("{2150E333-8FDC-42A3-9474-1A3956D46DE8}") = "fuse", "fuse", "{6452917D-20D9-4446-B2AA-3AE3061484B6}"
EndProject
Project("{2150E333-8FDC-42A3-9474-1A3956D46DE8}") = "fusion", "fusion", "{8BFA556B-6D8D-43EF-BDEE-194F5077F56E}"
EndProject
Project("{2150E333-8FDC-42A3-9474-1A3956D46DE8}") = "unohost", "unohost", "{D32389C5-3FF0-4BE4-8FFD-1A54C75672BE}"
EndProject
Project("{2150E333-8FDC-42A3-9474-1A3956D46DE8}") = "simulator", "simulator", "{BAB169B9-DE0C-4E29-8945-4978D964E408}"
EndProject
Project("{2150E333-8FDC-42A3-9474-1A3956D46DE8}") = "preview", "preview", "{B8BE4F01-6C9C-4A75-9910-2077CF107531}"
EndProject
Project("{FAE04EC0-301F-11D3-BF4B-00C04F79EFBC}") = "Fuse.Preview.Tests", "src\preview\tests\Fuse.Preview.Tests.csproj", "{03CC1EEC-6596-40D6-B219-00168563ADD5}"
EndProject
Project("{FAE04EC0-301F-11D3-BF4B-00C04F79EFBC}") = "SketchConverter", "src\sketch2fuse\SketchConverter\SketchConverter.csproj", "{B086E390-CE62-4C90-9214-9E828DE7AF33}"
EndProject
Project("{2150E333-8FDC-42A3-9474-1A3956D46DE8}") = "mac", "mac", "{C412FADC-70D7-43F6-BDEC-7312F697A390}"
EndProject
Project("{FAE04EC0-301F-11D3-BF4B-00C04F79EFBC}") = "fuse X", "src\mac\studio\fuse X.csproj", "{F431473B-DA4A-4335-BF9C-4841ED71E799}"
EndProject
Project("{FAE04EC0-301F-11D3-BF4B-00C04F79EFBC}") = "Outracks.CodeCompletion", "src\ninja\Outracks.CodeCompletion\Outracks.CodeCompletion.csproj", "{3AAB1DB2-FCB7-495D-ADDF-11131DCF821A}"
EndProject
Project("{FAE04EC0-301F-11D3-BF4B-00C04F79EFBC}") = "Outracks.CodeCompletion.CodeNinja", "src\ninja\Outracks.CodeCompletion.CodeNinja\Outracks.CodeCompletion.CodeNinja.csproj", "{5C6C19F4-C5C4-4F8B-BAE4-A92E6C0D62BB}"
EndProject
Project("{FAE04EC0-301F-11D3-BF4B-00C04F79EFBC}") = "Outracks.CodeCompletion.CodeNinja.Tests", "src\ninja\Outracks.CodeCompletion.CodeNinja.Tests\Outracks.CodeCompletion.CodeNinja.Tests.csproj", "{2615DA34-B3AC-4ADC-A005-E947851E201F}"
EndProject
Project("{FAE04EC0-301F-11D3-BF4B-00C04F79EFBC}") = "Outracks.CodeCompletion.UXNinja", "src\ninja\Outracks.CodeCompletion.UXNinja\Outracks.CodeCompletion.UXNinja.csproj", "{3C19F9AA-9C81-426F-A0EA-B046AAE755EE}"
EndProject
Project("{FAE04EC0-301F-11D3-BF4B-00C04F79EFBC}") = "Outracks.CodeCompletion.UXNinja.Tests", "src\ninja\Outracks.CodeCompletion.UXNinja.Tests\Outracks.CodeCompletion.UXNinja.Tests.csproj", "{A6525BC0-989C-407F-8B9B-51246D9E50B4}"
EndProject
Project("{FAE04EC0-301F-11D3-BF4B-00C04F79EFBC}") = "Outracks.CodeCompletion.UXNinja.PerformanceTests", "src\ninja\Outracks.CodeCompletion.UXNinja.PerformanceTests\Outracks.CodeCompletion.UXNinja.PerformanceTests.csproj", "{E40C711E-19CE-4885-A4F4-0D477E0F6852}"
EndProject
Project("{FAE04EC0-301F-11D3-BF4B-00C04F79EFBC}") = "Outracks.CodeCompletion.UXNinja.TestsCommon", "src\ninja\Outracks.CodeCompletion.UXNinja.TestsCommon\Outracks.CodeCompletion.UXNinja.TestsCommon.csproj", "{544ABBD9-1326-4184-B026-54EB4C9FAD33}"
EndProject
Project("{FAE04EC0-301F-11D3-BF4B-00C04F79EFBC}") = "Outracks.CodeCompletion.UXNinja.PerformanceTests.Core", "src\ninja\Outracks.CodeCompletion.UXNinja.PerformanceTests.Core\Outracks.CodeCompletion.UXNinja.PerformanceTests.Core.csproj", "{99FF164F-A691-4952-8EC8-577EB8C49F41}"
EndProject
Project("{FAE04EC0-301F-11D3-BF4B-00C04F79EFBC}") = "Outracks.CodeCompletion.UXNinja.PerformanceTests.Client", "src\ninja\Outracks.CodeCompletion.UXNinja.PerformanceTests.Client\Outracks.CodeCompletion.UXNinja.PerformanceTests.Client.csproj", "{BEB02E7E-2436-4D51-8688-27FEB4A72DBC}"
EndProject
Project("{FAE04EC0-301F-11D3-BF4B-00C04F79EFBC}") = "Outracks.UnoHost", "src\unohost\common\Outracks.UnoHost.csproj", "{F2AEB321-51E5-40B8-9CF0-53C930E631F0}"
EndProject
Project("{FAE04EC0-301F-11D3-BF4B-00C04F79EFBC}") = "Outracks.Fuse.Command", "src\fuse\command\Outracks.Fuse.Command.csproj", "{8B6673C5-58B8-4E5A-8369-2E21507F4131}"
EndProject
Project("{FAE04EC0-301F-11D3-BF4B-00C04F79EFBC}") = "Outracks.Fuse", "src\fuse\common\Outracks.Fuse.csproj", "{AA6DFB99-345F-4214-9A79-076829C0F777}"
EndProject
Project("{FAE04EC0-301F-11D3-BF4B-00C04F79EFBC}") = "Outracks.Fuse.Daemon", "src\fuse\daemon\Outracks.Fuse.Daemon.csproj", "{47D48240-F996-4E64-B70D-6AB2290DA8D4}"
EndProject
Project("{FAE04EC0-301F-11D3-BF4B-00C04F79EFBC}") = "fuse-tray", "src\fuse\tray\fuse-tray.csproj", "{A7F96918-8029-4EF4-A4EA-686A4B59FD61}"
EndProject
Project("{FAE04EC0-301F-11D3-BF4B-00C04F79EFBC}") = "fuse-studio", "src\fuse\studio\fuse-studio.csproj", "{490EF7E5-46FF-4DF3-8342-530429CA65B5}"
EndProject
Project("{FAE04EC0-301F-11D3-BF4B-00C04F79EFBC}") = "system-test", "src\fuse\system-test\system-test.csproj", "{B8F7AF2D-4009-4DFA-92C4-5F7E2491826E}"
EndProject
Project("{FAE04EC0-301F-11D3-BF4B-00C04F79EFBC}") = "Outracks.Fuse.Tests", "src\fuse\tests\Outracks.Fuse.Tests.csproj", "{3921C434-B199-4A60-ADD2-192EB2AC4D76}"
EndProject
Project("{FAE04EC0-301F-11D3-BF4B-00C04F79EFBC}") = "fuse-sandbox", "src\fuse\sandbox\fuse-sandbox.csproj", "{B165DE3E-71DC-4C2F-915D-66FCE2D7B4D5}"
EndProject
Project("{FAE04EC0-301F-11D3-BF4B-00C04F79EFBC}") = "Outracks.Fusion.Core", "src\fusion\core\Outracks.Fusion.Core.csproj", "{8DFB02E0-ACBF-4432-8DD9-56712E206968}"
EndProject
Project("{FAE04EC0-301F-11D3-BF4B-00C04F79EFBC}") = "integration-tests", "src\fusion\integration-tests\integration-tests.csproj", "{580BA299-ADAD-43C1-86A7-63E60F345F28}"
EndProject
Project("{FAE04EC0-301F-11D3-BF4B-00C04F79EFBC}") = "Outracks.Fusion.Mac", "src\fusion\mac\Outracks.Fusion.Mac.csproj", "{4B9EC6E2-AA97-48DE-9891-2C1D24A4D383}"
EndProject
Project("{FAE04EC0-301F-11D3-BF4B-00C04F79EFBC}") = "Outracks.Fusion.Tests", "src\fusion\tests\Outracks.Fusion.Tests.csproj", "{80455EED-7647-4BBF-9779-62413D846ACA}"
EndProject
Project("{FAE04EC0-301F-11D3-BF4B-00C04F79EFBC}") = "Outracks.Fuse.Locale", "src\fuse\locale\Outracks.Fuse.Locale.csproj", "{0E454646-B607-4FED-AB02-BECBC5620FA3}"
EndProject
Project("{FAE04EC0-301F-11D3-BF4B-00C04F79EFBC}") = "Outracks.UnoHost.Tests", "src\unohost\tests\Outracks.UnoHost.Tests.csproj", "{F506CC63-838F-4907-A573-BADD1C2D9CA1}"
EndProject
Project("{2150E333-8FDC-42A3-9474-1A3956D46DE8}") = "entrypoint", "entrypoint", "{99006B5D-B268-4749-9E23-8210BCB22156}"
EndProject
Project("{FAE04EC0-301F-11D3-BF4B-00C04F79EFBC}") = "fuse", "src\entrypoint\cli\fuse.csproj", "{2FDE3363-73F5-433E-ADCF-1130658B5C52}"
EndProject
Project("{FAE04EC0-301F-11D3-BF4B-00C04F79EFBC}") = "UnoHost", "src\unohost\mac\UnoHost.csproj", "{486BE0C3-2ED8-4AB4-9488-C004C247C719}"
EndProject
Project("{FAE04EC0-301F-11D3-BF4B-00C04F79EFBC}") = "fuse X (menu bar)", "src\mac\menu-bar\fuse X (menu bar).csproj", "{4264877D-5E9A-4FF7-9B70-5DE41D3E5535}"
EndProject
Global
	GlobalSection(SolutionConfigurationPlatforms) = preSolution
		Debug|Any CPU = Debug|Any CPU
		Release|Any CPU = Release|Any CPU
	EndGlobalSection
	GlobalSection(ProjectConfigurationPlatforms) = postSolution
		{196B010D-AD36-4947-95AA-14FC4A27BD18}.Debug|Any CPU.ActiveCfg = Debug|Any CPU
		{196B010D-AD36-4947-95AA-14FC4A27BD18}.Debug|Any CPU.Build.0 = Debug|Any CPU
		{196B010D-AD36-4947-95AA-14FC4A27BD18}.Release|Any CPU.ActiveCfg = Release|Any CPU
		{196B010D-AD36-4947-95AA-14FC4A27BD18}.Release|Any CPU.Build.0 = Release|Any CPU
		{5A43F127-3217-4BEA-93F0-13903B240B5A}.Debug|Any CPU.ActiveCfg = Debug|Any CPU
		{5A43F127-3217-4BEA-93F0-13903B240B5A}.Debug|Any CPU.Build.0 = Debug|Any CPU
		{5A43F127-3217-4BEA-93F0-13903B240B5A}.Release|Any CPU.ActiveCfg = Release|Any CPU
		{5A43F127-3217-4BEA-93F0-13903B240B5A}.Release|Any CPU.Build.0 = Release|Any CPU
		{1A7CF40D-C7A7-4C85-A092-73142BB90B93}.Debug|Any CPU.ActiveCfg = Debug|Any CPU
		{1A7CF40D-C7A7-4C85-A092-73142BB90B93}.Debug|Any CPU.Build.0 = Debug|Any CPU
		{1A7CF40D-C7A7-4C85-A092-73142BB90B93}.Release|Any CPU.ActiveCfg = Release|Any CPU
		{1A7CF40D-C7A7-4C85-A092-73142BB90B93}.Release|Any CPU.Build.0 = Release|Any CPU
		{83411CE7-B65F-4EEE-9E9C-0A94A5007FC8}.Debug|Any CPU.ActiveCfg = Debug|Any CPU
		{83411CE7-B65F-4EEE-9E9C-0A94A5007FC8}.Debug|Any CPU.Build.0 = Debug|Any CPU
		{83411CE7-B65F-4EEE-9E9C-0A94A5007FC8}.Release|Any CPU.ActiveCfg = Release|Any CPU
		{83411CE7-B65F-4EEE-9E9C-0A94A5007FC8}.Release|Any CPU.Build.0 = Release|Any CPU
		{D52BEC1D-D0B3-4C44-956F-9747233CD6CA}.Debug|Any CPU.ActiveCfg = Debug|Any CPU
		{D52BEC1D-D0B3-4C44-956F-9747233CD6CA}.Debug|Any CPU.Build.0 = Debug|Any CPU
		{D52BEC1D-D0B3-4C44-956F-9747233CD6CA}.Release|Any CPU.ActiveCfg = Release|Any CPU
		{D52BEC1D-D0B3-4C44-956F-9747233CD6CA}.Release|Any CPU.Build.0 = Release|Any CPU
		{3C1C1047-8830-498E-882A-503C0956CBE3}.Debug|Any CPU.ActiveCfg = Debug|Any CPU
		{3C1C1047-8830-498E-882A-503C0956CBE3}.Debug|Any CPU.Build.0 = Debug|Any CPU
		{3C1C1047-8830-498E-882A-503C0956CBE3}.Release|Any CPU.ActiveCfg = Release|Any CPU
		{3C1C1047-8830-498E-882A-503C0956CBE3}.Release|Any CPU.Build.0 = Release|Any CPU
		{3335BB78-0B8A-4D2F-919F-2E6F08883D51}.Debug|Any CPU.ActiveCfg = Debug|Any CPU
		{3335BB78-0B8A-4D2F-919F-2E6F08883D51}.Debug|Any CPU.Build.0 = Debug|Any CPU
		{3335BB78-0B8A-4D2F-919F-2E6F08883D51}.Release|Any CPU.ActiveCfg = Release|Any CPU
		{3335BB78-0B8A-4D2F-919F-2E6F08883D51}.Release|Any CPU.Build.0 = Release|Any CPU
		{338B4586-B3CC-4584-A026-E795B40D983A}.Debug|Any CPU.ActiveCfg = Debug|Any CPU
		{338B4586-B3CC-4584-A026-E795B40D983A}.Debug|Any CPU.Build.0 = Debug|Any CPU
		{338B4586-B3CC-4584-A026-E795B40D983A}.Release|Any CPU.ActiveCfg = Release|Any CPU
		{338B4586-B3CC-4584-A026-E795B40D983A}.Release|Any CPU.Build.0 = Release|Any CPU
		{E8884270-5F2C-4076-86D0-456B831BE3E5}.Debug|Any CPU.ActiveCfg = Debug|Any CPU
		{E8884270-5F2C-4076-86D0-456B831BE3E5}.Debug|Any CPU.Build.0 = Debug|Any CPU
		{E8884270-5F2C-4076-86D0-456B831BE3E5}.Release|Any CPU.ActiveCfg = Release|Any CPU
		{E8884270-5F2C-4076-86D0-456B831BE3E5}.Release|Any CPU.Build.0 = Release|Any CPU
		{41764897-B354-499D-A31A-6A1D3BB9E158}.Debug|Any CPU.ActiveCfg = Debug|Any CPU
		{41764897-B354-499D-A31A-6A1D3BB9E158}.Debug|Any CPU.Build.0 = Debug|Any CPU
		{41764897-B354-499D-A31A-6A1D3BB9E158}.Release|Any CPU.ActiveCfg = Release|Any CPU
		{41764897-B354-499D-A31A-6A1D3BB9E158}.Release|Any CPU.Build.0 = Release|Any CPU
		{59E1073A-9B45-41F3-AB94-958A9D18FB72}.Debug|Any CPU.ActiveCfg = Debug|Any CPU
		{59E1073A-9B45-41F3-AB94-958A9D18FB72}.Debug|Any CPU.Build.0 = Debug|Any CPU
		{59E1073A-9B45-41F3-AB94-958A9D18FB72}.Release|Any CPU.ActiveCfg = Release|Any CPU
		{59E1073A-9B45-41F3-AB94-958A9D18FB72}.Release|Any CPU.Build.0 = Release|Any CPU
		{D1011D5C-56A1-4947-80FD-BF6FE8E955EB}.Debug|Any CPU.ActiveCfg = Debug|Any CPU
		{D1011D5C-56A1-4947-80FD-BF6FE8E955EB}.Debug|Any CPU.Build.0 = Debug|Any CPU
		{D1011D5C-56A1-4947-80FD-BF6FE8E955EB}.Release|Any CPU.ActiveCfg = Release|Any CPU
		{D1011D5C-56A1-4947-80FD-BF6FE8E955EB}.Release|Any CPU.Build.0 = Release|Any CPU
		{03CC1EEC-6596-40D6-B219-00168563ADD5}.Debug|Any CPU.ActiveCfg = Debug|Any CPU
		{03CC1EEC-6596-40D6-B219-00168563ADD5}.Debug|Any CPU.Build.0 = Debug|Any CPU
		{03CC1EEC-6596-40D6-B219-00168563ADD5}.Release|Any CPU.ActiveCfg = Release|Any CPU
		{03CC1EEC-6596-40D6-B219-00168563ADD5}.Release|Any CPU.Build.0 = Release|Any CPU
		{B086E390-CE62-4C90-9214-9E828DE7AF33}.Debug|Any CPU.ActiveCfg = Debug|Any CPU
		{B086E390-CE62-4C90-9214-9E828DE7AF33}.Debug|Any CPU.Build.0 = Debug|Any CPU
		{B086E390-CE62-4C90-9214-9E828DE7AF33}.Release|Any CPU.ActiveCfg = Release|Any CPU
		{B086E390-CE62-4C90-9214-9E828DE7AF33}.Release|Any CPU.Build.0 = Release|Any CPU
		{F431473B-DA4A-4335-BF9C-4841ED71E799}.Debug|Any CPU.ActiveCfg = Debug|Any CPU
		{F431473B-DA4A-4335-BF9C-4841ED71E799}.Debug|Any CPU.Build.0 = Debug|Any CPU
		{F431473B-DA4A-4335-BF9C-4841ED71E799}.Release|Any CPU.ActiveCfg = Release|Any CPU
		{F431473B-DA4A-4335-BF9C-4841ED71E799}.Release|Any CPU.Build.0 = Release|Any CPU
		{3AAB1DB2-FCB7-495D-ADDF-11131DCF821A}.Debug|Any CPU.ActiveCfg = Debug|Any CPU
		{3AAB1DB2-FCB7-495D-ADDF-11131DCF821A}.Debug|Any CPU.Build.0 = Debug|Any CPU
		{3AAB1DB2-FCB7-495D-ADDF-11131DCF821A}.Release|Any CPU.ActiveCfg = Release|Any CPU
		{3AAB1DB2-FCB7-495D-ADDF-11131DCF821A}.Release|Any CPU.Build.0 = Release|Any CPU
		{5C6C19F4-C5C4-4F8B-BAE4-A92E6C0D62BB}.Debug|Any CPU.ActiveCfg = Debug|Any CPU
		{5C6C19F4-C5C4-4F8B-BAE4-A92E6C0D62BB}.Debug|Any CPU.Build.0 = Debug|Any CPU
		{5C6C19F4-C5C4-4F8B-BAE4-A92E6C0D62BB}.Release|Any CPU.ActiveCfg = Release|Any CPU
		{5C6C19F4-C5C4-4F8B-BAE4-A92E6C0D62BB}.Release|Any CPU.Build.0 = Release|Any CPU
		{2615DA34-B3AC-4ADC-A005-E947851E201F}.Debug|Any CPU.ActiveCfg = Debug|Any CPU
		{2615DA34-B3AC-4ADC-A005-E947851E201F}.Debug|Any CPU.Build.0 = Debug|Any CPU
		{2615DA34-B3AC-4ADC-A005-E947851E201F}.Release|Any CPU.ActiveCfg = Release|Any CPU
		{2615DA34-B3AC-4ADC-A005-E947851E201F}.Release|Any CPU.Build.0 = Release|Any CPU
		{3C19F9AA-9C81-426F-A0EA-B046AAE755EE}.Debug|Any CPU.ActiveCfg = Debug|Any CPU
		{3C19F9AA-9C81-426F-A0EA-B046AAE755EE}.Debug|Any CPU.Build.0 = Debug|Any CPU
		{3C19F9AA-9C81-426F-A0EA-B046AAE755EE}.Release|Any CPU.ActiveCfg = Release|Any CPU
		{3C19F9AA-9C81-426F-A0EA-B046AAE755EE}.Release|Any CPU.Build.0 = Release|Any CPU
		{A6525BC0-989C-407F-8B9B-51246D9E50B4}.Debug|Any CPU.ActiveCfg = Debug|Any CPU
		{A6525BC0-989C-407F-8B9B-51246D9E50B4}.Debug|Any CPU.Build.0 = Debug|Any CPU
		{A6525BC0-989C-407F-8B9B-51246D9E50B4}.Release|Any CPU.ActiveCfg = Release|Any CPU
		{A6525BC0-989C-407F-8B9B-51246D9E50B4}.Release|Any CPU.Build.0 = Release|Any CPU
		{E40C711E-19CE-4885-A4F4-0D477E0F6852}.Debug|Any CPU.ActiveCfg = Debug|Any CPU
		{E40C711E-19CE-4885-A4F4-0D477E0F6852}.Debug|Any CPU.Build.0 = Debug|Any CPU
		{E40C711E-19CE-4885-A4F4-0D477E0F6852}.Release|Any CPU.ActiveCfg = Release|Any CPU
		{E40C711E-19CE-4885-A4F4-0D477E0F6852}.Release|Any CPU.Build.0 = Release|Any CPU
		{544ABBD9-1326-4184-B026-54EB4C9FAD33}.Debug|Any CPU.ActiveCfg = Debug|Any CPU
		{544ABBD9-1326-4184-B026-54EB4C9FAD33}.Debug|Any CPU.Build.0 = Debug|Any CPU
		{544ABBD9-1326-4184-B026-54EB4C9FAD33}.Release|Any CPU.ActiveCfg = Release|Any CPU
		{544ABBD9-1326-4184-B026-54EB4C9FAD33}.Release|Any CPU.Build.0 = Release|Any CPU
		{99FF164F-A691-4952-8EC8-577EB8C49F41}.Debug|Any CPU.ActiveCfg = Debug|Any CPU
		{99FF164F-A691-4952-8EC8-577EB8C49F41}.Debug|Any CPU.Build.0 = Debug|Any CPU
		{99FF164F-A691-4952-8EC8-577EB8C49F41}.Release|Any CPU.ActiveCfg = Release|Any CPU
		{99FF164F-A691-4952-8EC8-577EB8C49F41}.Release|Any CPU.Build.0 = Release|Any CPU
		{BEB02E7E-2436-4D51-8688-27FEB4A72DBC}.Debug|Any CPU.ActiveCfg = Debug|Any CPU
		{BEB02E7E-2436-4D51-8688-27FEB4A72DBC}.Debug|Any CPU.Build.0 = Debug|Any CPU
		{BEB02E7E-2436-4D51-8688-27FEB4A72DBC}.Release|Any CPU.ActiveCfg = Release|Any CPU
		{BEB02E7E-2436-4D51-8688-27FEB4A72DBC}.Release|Any CPU.Build.0 = Release|Any CPU
		{F2AEB321-51E5-40B8-9CF0-53C930E631F0}.Debug|Any CPU.ActiveCfg = Debug|Any CPU
		{F2AEB321-51E5-40B8-9CF0-53C930E631F0}.Debug|Any CPU.Build.0 = Debug|Any CPU
		{F2AEB321-51E5-40B8-9CF0-53C930E631F0}.Release|Any CPU.ActiveCfg = Release|Any CPU
		{F2AEB321-51E5-40B8-9CF0-53C930E631F0}.Release|Any CPU.Build.0 = Release|Any CPU
		{8B6673C5-58B8-4E5A-8369-2E21507F4131}.Debug|Any CPU.ActiveCfg = Debug|Any CPU
		{8B6673C5-58B8-4E5A-8369-2E21507F4131}.Debug|Any CPU.Build.0 = Debug|Any CPU
		{8B6673C5-58B8-4E5A-8369-2E21507F4131}.Release|Any CPU.ActiveCfg = Release|Any CPU
		{8B6673C5-58B8-4E5A-8369-2E21507F4131}.Release|Any CPU.Build.0 = Release|Any CPU
		{AA6DFB99-345F-4214-9A79-076829C0F777}.Debug|Any CPU.ActiveCfg = Debug|Any CPU
		{AA6DFB99-345F-4214-9A79-076829C0F777}.Debug|Any CPU.Build.0 = Debug|Any CPU
		{AA6DFB99-345F-4214-9A79-076829C0F777}.Release|Any CPU.ActiveCfg = Release|Any CPU
		{AA6DFB99-345F-4214-9A79-076829C0F777}.Release|Any CPU.Build.0 = Release|Any CPU
		{47D48240-F996-4E64-B70D-6AB2290DA8D4}.Debug|Any CPU.ActiveCfg = Debug|Any CPU
		{47D48240-F996-4E64-B70D-6AB2290DA8D4}.Debug|Any CPU.Build.0 = Debug|Any CPU
		{47D48240-F996-4E64-B70D-6AB2290DA8D4}.Release|Any CPU.ActiveCfg = Release|Any CPU
		{47D48240-F996-4E64-B70D-6AB2290DA8D4}.Release|Any CPU.Build.0 = Release|Any CPU
		{A7F96918-8029-4EF4-A4EA-686A4B59FD61}.Debug|Any CPU.ActiveCfg = Debug|Any CPU
		{A7F96918-8029-4EF4-A4EA-686A4B59FD61}.Debug|Any CPU.Build.0 = Debug|Any CPU
		{A7F96918-8029-4EF4-A4EA-686A4B59FD61}.Release|Any CPU.ActiveCfg = Release|Any CPU
		{A7F96918-8029-4EF4-A4EA-686A4B59FD61}.Release|Any CPU.Build.0 = Release|Any CPU
		{490EF7E5-46FF-4DF3-8342-530429CA65B5}.Debug|Any CPU.ActiveCfg = Debug|Any CPU
		{490EF7E5-46FF-4DF3-8342-530429CA65B5}.Debug|Any CPU.Build.0 = Debug|Any CPU
		{490EF7E5-46FF-4DF3-8342-530429CA65B5}.Release|Any CPU.ActiveCfg = Release|Any CPU
		{490EF7E5-46FF-4DF3-8342-530429CA65B5}.Release|Any CPU.Build.0 = Release|Any CPU
		{B8F7AF2D-4009-4DFA-92C4-5F7E2491826E}.Debug|Any CPU.ActiveCfg = Debug|Any CPU
		{B8F7AF2D-4009-4DFA-92C4-5F7E2491826E}.Debug|Any CPU.Build.0 = Debug|Any CPU
		{B8F7AF2D-4009-4DFA-92C4-5F7E2491826E}.Release|Any CPU.ActiveCfg = Release|Any CPU
		{B8F7AF2D-4009-4DFA-92C4-5F7E2491826E}.Release|Any CPU.Build.0 = Release|Any CPU
		{3921C434-B199-4A60-ADD2-192EB2AC4D76}.Debug|Any CPU.ActiveCfg = Debug|Any CPU
		{3921C434-B199-4A60-ADD2-192EB2AC4D76}.Debug|Any CPU.Build.0 = Debug|Any CPU
		{3921C434-B199-4A60-ADD2-192EB2AC4D76}.Release|Any CPU.ActiveCfg = Release|Any CPU
		{3921C434-B199-4A60-ADD2-192EB2AC4D76}.Release|Any CPU.Build.0 = Release|Any CPU
		{B165DE3E-71DC-4C2F-915D-66FCE2D7B4D5}.Debug|Any CPU.ActiveCfg = Debug|Any CPU
		{B165DE3E-71DC-4C2F-915D-66FCE2D7B4D5}.Debug|Any CPU.Build.0 = Debug|Any CPU
		{B165DE3E-71DC-4C2F-915D-66FCE2D7B4D5}.Release|Any CPU.ActiveCfg = Release|Any CPU
		{B165DE3E-71DC-4C2F-915D-66FCE2D7B4D5}.Release|Any CPU.Build.0 = Release|Any CPU
		{8DFB02E0-ACBF-4432-8DD9-56712E206968}.Debug|Any CPU.ActiveCfg = Debug|Any CPU
		{8DFB02E0-ACBF-4432-8DD9-56712E206968}.Debug|Any CPU.Build.0 = Debug|Any CPU
		{8DFB02E0-ACBF-4432-8DD9-56712E206968}.Release|Any CPU.ActiveCfg = Release|Any CPU
		{8DFB02E0-ACBF-4432-8DD9-56712E206968}.Release|Any CPU.Build.0 = Release|Any CPU
		{580BA299-ADAD-43C1-86A7-63E60F345F28}.Debug|Any CPU.ActiveCfg = Debug|Any CPU
		{580BA299-ADAD-43C1-86A7-63E60F345F28}.Debug|Any CPU.Build.0 = Debug|Any CPU
		{580BA299-ADAD-43C1-86A7-63E60F345F28}.Release|Any CPU.ActiveCfg = Release|Any CPU
		{580BA299-ADAD-43C1-86A7-63E60F345F28}.Release|Any CPU.Build.0 = Release|Any CPU
		{4B9EC6E2-AA97-48DE-9891-2C1D24A4D383}.Debug|Any CPU.ActiveCfg = Debug|Any CPU
		{4B9EC6E2-AA97-48DE-9891-2C1D24A4D383}.Debug|Any CPU.Build.0 = Debug|Any CPU
		{4B9EC6E2-AA97-48DE-9891-2C1D24A4D383}.Release|Any CPU.ActiveCfg = Release|Any CPU
		{4B9EC6E2-AA97-48DE-9891-2C1D24A4D383}.Release|Any CPU.Build.0 = Release|Any CPU
		{80455EED-7647-4BBF-9779-62413D846ACA}.Debug|Any CPU.ActiveCfg = Debug|Any CPU
		{80455EED-7647-4BBF-9779-62413D846ACA}.Debug|Any CPU.Build.0 = Debug|Any CPU
		{80455EED-7647-4BBF-9779-62413D846ACA}.Release|Any CPU.ActiveCfg = Release|Any CPU
		{80455EED-7647-4BBF-9779-62413D846ACA}.Release|Any CPU.Build.0 = Release|Any CPU
		{0E454646-B607-4FED-AB02-BECBC5620FA3}.Debug|Any CPU.ActiveCfg = Debug|Any CPU
		{0E454646-B607-4FED-AB02-BECBC5620FA3}.Debug|Any CPU.Build.0 = Debug|Any CPU
		{0E454646-B607-4FED-AB02-BECBC5620FA3}.Release|Any CPU.ActiveCfg = Release|Any CPU
		{0E454646-B607-4FED-AB02-BECBC5620FA3}.Release|Any CPU.Build.0 = Release|Any CPU
		{F506CC63-838F-4907-A573-BADD1C2D9CA1}.Debug|Any CPU.ActiveCfg = Debug|Any CPU
		{F506CC63-838F-4907-A573-BADD1C2D9CA1}.Debug|Any CPU.Build.0 = Debug|Any CPU
		{F506CC63-838F-4907-A573-BADD1C2D9CA1}.Release|Any CPU.ActiveCfg = Release|Any CPU
		{F506CC63-838F-4907-A573-BADD1C2D9CA1}.Release|Any CPU.Build.0 = Release|Any CPU
		{2FDE3363-73F5-433E-ADCF-1130658B5C52}.Debug|Any CPU.ActiveCfg = Debug|Any CPU
		{2FDE3363-73F5-433E-ADCF-1130658B5C52}.Debug|Any CPU.Build.0 = Debug|Any CPU
		{2FDE3363-73F5-433E-ADCF-1130658B5C52}.Release|Any CPU.ActiveCfg = Release|Any CPU
		{2FDE3363-73F5-433E-ADCF-1130658B5C52}.Release|Any CPU.Build.0 = Release|Any CPU
		{486BE0C3-2ED8-4AB4-9488-C004C247C719}.Debug|Any CPU.ActiveCfg = Debug|Any CPU
		{486BE0C3-2ED8-4AB4-9488-C004C247C719}.Debug|Any CPU.Build.0 = Debug|Any CPU
		{486BE0C3-2ED8-4AB4-9488-C004C247C719}.Release|Any CPU.ActiveCfg = Release|Any CPU
		{486BE0C3-2ED8-4AB4-9488-C004C247C719}.Release|Any CPU.Build.0 = Release|Any CPU
		{4264877D-5E9A-4FF7-9B70-5DE41D3E5535}.Debug|Any CPU.ActiveCfg = Debug|Any CPU
		{4264877D-5E9A-4FF7-9B70-5DE41D3E5535}.Debug|Any CPU.Build.0 = Debug|Any CPU
		{4264877D-5E9A-4FF7-9B70-5DE41D3E5535}.Release|Any CPU.ActiveCfg = Release|Any CPU
		{4264877D-5E9A-4FF7-9B70-5DE41D3E5535}.Release|Any CPU.Build.0 = Release|Any CPU
	EndGlobalSection
	GlobalSection(SolutionProperties) = preSolution
		HideSolutionNode = FALSE
	EndGlobalSection
	GlobalSection(NestedProjects) = preSolution
		{196B010D-AD36-4947-95AA-14FC4A27BD18} = {7F25EEC3-A139-4939-8E52-A9EE2CE92BE3}
		{5A43F127-3217-4BEA-93F0-13903B240B5A} = {1124DA18-9DB9-4799-8482-3517C58570C7}
		{1A7CF40D-C7A7-4C85-A092-73142BB90B93} = {7F25EEC3-A139-4939-8E52-A9EE2CE92BE3}
		{83411CE7-B65F-4EEE-9E9C-0A94A5007FC8} = {7F25EEC3-A139-4939-8E52-A9EE2CE92BE3}
		{D52BEC1D-D0B3-4C44-956F-9747233CD6CA} = {7F25EEC3-A139-4939-8E52-A9EE2CE92BE3}
		{3C1C1047-8830-498E-882A-503C0956CBE3} = {7F25EEC3-A139-4939-8E52-A9EE2CE92BE3}
		{3335BB78-0B8A-4D2F-919F-2E6F08883D51} = {BAB169B9-DE0C-4E29-8945-4978D964E408}
		{338B4586-B3CC-4584-A026-E795B40D983A} = {99006B5D-B268-4749-9E23-8210BCB22156}
		{E8884270-5F2C-4076-86D0-456B831BE3E5} = {BAB169B9-DE0C-4E29-8945-4978D964E408}
		{41764897-B354-499D-A31A-6A1D3BB9E158} = {B8BE4F01-6C9C-4A75-9910-2077CF107531}
		{59E1073A-9B45-41F3-AB94-958A9D18FB72} = {B8BE4F01-6C9C-4A75-9910-2077CF107531}
		{D1011D5C-56A1-4947-80FD-BF6FE8E955EB} = {BAB169B9-DE0C-4E29-8945-4978D964E408}
		{B8BE4F01-6C9C-4A75-9910-2077CF107531} = {6452917D-20D9-4446-B2AA-3AE3061484B6}
		{03CC1EEC-6596-40D6-B219-00168563ADD5} = {B8BE4F01-6C9C-4A75-9910-2077CF107531}
		{F431473B-DA4A-4335-BF9C-4841ED71E799} = {C412FADC-70D7-43F6-BDEC-7312F697A390}
		{3AAB1DB2-FCB7-495D-ADDF-11131DCF821A} = {1124DA18-9DB9-4799-8482-3517C58570C7}
		{5C6C19F4-C5C4-4F8B-BAE4-A92E6C0D62BB} = {1124DA18-9DB9-4799-8482-3517C58570C7}
		{2615DA34-B3AC-4ADC-A005-E947851E201F} = {1124DA18-9DB9-4799-8482-3517C58570C7}
		{3C19F9AA-9C81-426F-A0EA-B046AAE755EE} = {1124DA18-9DB9-4799-8482-3517C58570C7}
		{A6525BC0-989C-407F-8B9B-51246D9E50B4} = {1124DA18-9DB9-4799-8482-3517C58570C7}
		{E40C711E-19CE-4885-A4F4-0D477E0F6852} = {1124DA18-9DB9-4799-8482-3517C58570C7}
		{544ABBD9-1326-4184-B026-54EB4C9FAD33} = {1124DA18-9DB9-4799-8482-3517C58570C7}
		{99FF164F-A691-4952-8EC8-577EB8C49F41} = {1124DA18-9DB9-4799-8482-3517C58570C7}
		{BEB02E7E-2436-4D51-8688-27FEB4A72DBC} = {1124DA18-9DB9-4799-8482-3517C58570C7}
		{F2AEB321-51E5-40B8-9CF0-53C930E631F0} = {D32389C5-3FF0-4BE4-8FFD-1A54C75672BE}
		{8B6673C5-58B8-4E5A-8369-2E21507F4131} = {6452917D-20D9-4446-B2AA-3AE3061484B6}
		{AA6DFB99-345F-4214-9A79-076829C0F777} = {6452917D-20D9-4446-B2AA-3AE3061484B6}
		{47D48240-F996-4E64-B70D-6AB2290DA8D4} = {6452917D-20D9-4446-B2AA-3AE3061484B6}
		{A7F96918-8029-4EF4-A4EA-686A4B59FD61} = {6452917D-20D9-4446-B2AA-3AE3061484B6}
		{490EF7E5-46FF-4DF3-8342-530429CA65B5} = {6452917D-20D9-4446-B2AA-3AE3061484B6}
		{B8F7AF2D-4009-4DFA-92C4-5F7E2491826E} = {6452917D-20D9-4446-B2AA-3AE3061484B6}
		{3921C434-B199-4A60-ADD2-192EB2AC4D76} = {6452917D-20D9-4446-B2AA-3AE3061484B6}
		{B165DE3E-71DC-4C2F-915D-66FCE2D7B4D5} = {8BFA556B-6D8D-43EF-BDEE-194F5077F56E}
		{8DFB02E0-ACBF-4432-8DD9-56712E206968} = {8BFA556B-6D8D-43EF-BDEE-194F5077F56E}
		{580BA299-ADAD-43C1-86A7-63E60F345F28} = {8BFA556B-6D8D-43EF-BDEE-194F5077F56E}
		{4B9EC6E2-AA97-48DE-9891-2C1D24A4D383} = {8BFA556B-6D8D-43EF-BDEE-194F5077F56E}
		{80455EED-7647-4BBF-9779-62413D846ACA} = {8BFA556B-6D8D-43EF-BDEE-194F5077F56E}
		{0E454646-B607-4FED-AB02-BECBC5620FA3} = {7F25EEC3-A139-4939-8E52-A9EE2CE92BE3}
		{F506CC63-838F-4907-A573-BADD1C2D9CA1} = {D32389C5-3FF0-4BE4-8FFD-1A54C75672BE}
		{2FDE3363-73F5-433E-ADCF-1130658B5C52} = {99006B5D-B268-4749-9E23-8210BCB22156}
		{486BE0C3-2ED8-4AB4-9488-C004C247C719} = {D32389C5-3FF0-4BE4-8FFD-1A54C75672BE}
		{4264877D-5E9A-4FF7-9B70-5DE41D3E5535} = {C412FADC-70D7-43F6-BDEC-7312F697A390}
	EndGlobalSection
	GlobalSection(ExtensibilityGlobals) = postSolution
		SolutionGuid = {31FC2B0D-8AAC-4B8B-8D0F-693450BCE19F}
	EndGlobalSection
EndGlobal
